
Microsoft Visual Studio Solution File, Format Version 12.00
# Visual Studio Version 17
VisualStudioVersion = 17.3.32819.101
MinimumVisualStudioVersion = 10.0.40219.1
Project("{FAE04EC0-301F-11D3-BF4B-00C04F79EFBC}") = "RelativelyPrimeTester", "RelativelyPrimeTester\RelativelyPrimeTester.csproj", "{76C53B9F-1F9A-4F36-97E3-0487F9EFA0EF}"
EndProject
Global
	GlobalSection(SolutionConfigurationPlatforms) = preSolution
		Debug|Any CPU = Debug|Any CPU
		Release|Any CPU = Release|Any CPU
	EndGlobalSection
	GlobalSection(ProjectConfigurationPlatforms) = postSolution
		{76C53B9F-1F9A-4F36-97E3-0487F9EFA0EF}.Debug|Any CPU.ActiveCfg = Debug|Any CPU
		{76C53B9F-1F9A-4F36-97E3-0487F9EFA0EF}.Debug|Any CPU.Build.0 = Debug|Any CPU
		{76C53B9F-1F9A-4F36-97E3-0487F9EFA0EF}.Release|Any CPU.ActiveCfg = Release|Any CPU
		{76C53B9F-1F9A-4F36-97E3-0487F9EFA0EF}.Release|Any CPU.Build.0 = Release|Any CPU
	EndGlobalSection
	GlobalSection(SolutionProperties) = preSolution
		HideSolutionNode = FALSE
	EndGlobalSection
	GlobalSection(ExtensibilityGlobals) = postSolution
		SolutionGuid = {8B3CC9D5-4242-464B-826D-EFDB40920368}
	EndGlobalSection
EndGlobal
